// !$*UTF8*$!
{
	archiveVersion = 1;
	classes = {
	};
	objectVersion = 46;
	objects = {

/* Begin PBXBuildFile section */
		AAD625B51BE37DA800CDE8D1 /* HTTPRouteMapping.m in Sources */ = {isa = PBXBuildFile; fileRef = AAFE09F11BD97A4E0045C8DF /* HTTPRouteMapping.m */; };
		AAD625B61BE37DA800CDE8D1 /* RouteDefinition.m in Sources */ = {isa = PBXBuildFile; fileRef = AAFE09F31BD97A4E0045C8DF /* RouteDefinition.m */; };
		AAD625B71BE37DA800CDE8D1 /* RoutingHTTPConnection.m in Sources */ = {isa = PBXBuildFile; fileRef = AAFE09F51BD97A4E0045C8DF /* RoutingHTTPConnection.m */; };
		AAD625B81BE37DA800CDE8D1 /* WebSocketRouteDefinition.m in Sources */ = {isa = PBXBuildFile; fileRef = AAFE09F71BD97A4E0045C8DF /* WebSocketRouteDefinition.m */; };
		AAD625B91BE37DA800CDE8D1 /* HTTPRouteDefinition.m in Sources */ = {isa = PBXBuildFile; fileRef = AAFE09EF1BD97A4E0045C8DF /* HTTPRouteDefinition.m */; };
		AAD625BE1BE37DA800CDE8D1 /* RoutingHTTPConnection.h in Headers */ = {isa = PBXBuildFile; fileRef = AAFE09F41BD97A4E0045C8DF /* RoutingHTTPConnection.h */; settings = {ATTRIBUTES = (Public, ); }; };
		AAD625BF1BE37DA800CDE8D1 /* CocoaHTTPServerRouting.h in Headers */ = {isa = PBXBuildFile; fileRef = AAFE09E61BD979BB0045C8DF /* CocoaHTTPServerRouting.h */; settings = {ATTRIBUTES = (Public, ); }; };
		AAD625C01BE37DA800CDE8D1 /* HTTPRouteMapping.h in Headers */ = {isa = PBXBuildFile; fileRef = AAFE09F01BD97A4E0045C8DF /* HTTPRouteMapping.h */; settings = {ATTRIBUTES = (Public, ); }; };
		AAD625C11BE37DA800CDE8D1 /* HTTPRouteDefinition.h in Headers */ = {isa = PBXBuildFile; fileRef = AAFE09EE1BD97A4E0045C8DF /* HTTPRouteDefinition.h */; settings = {ATTRIBUTES = (Public, ); }; };
		AAD625C21BE37DA800CDE8D1 /* RouteDefinition.h in Headers */ = {isa = PBXBuildFile; fileRef = AAFE09F21BD97A4E0045C8DF /* RouteDefinition.h */; settings = {ATTRIBUTES = (Public, ); }; };
		AAD625C31BE37DA800CDE8D1 /* WebSocketRouteDefinition.h in Headers */ = {isa = PBXBuildFile; fileRef = AAFE09F61BD97A4E0045C8DF /* WebSocketRouteDefinition.h */; settings = {ATTRIBUTES = (Public, ); }; };
		AAD625C51BE37DA800CDE8D1 /* Cartfile in Resources */ = {isa = PBXBuildFile; fileRef = AAFE0A041BD97AD20045C8DF /* Cartfile */; };
		AAD625D11BE3861F00CDE8D1 /* CocoaLumberjack.framework in Frameworks */ = {isa = PBXBuildFile; fileRef = AAD625CC1BE3852400CDE8D1 /* CocoaLumberjack.framework */; };
		AAD625D21BE3862100CDE8D1 /* CocoaHTTPServer.framework in Frameworks */ = {isa = PBXBuildFile; fileRef = AAD625CF1BE385C300CDE8D1 /* CocoaHTTPServer.framework */; };
		AAFE09E71BD979BB0045C8DF /* CocoaHTTPServerRouting.h in Headers */ = {isa = PBXBuildFile; fileRef = AAFE09E61BD979BB0045C8DF /* CocoaHTTPServerRouting.h */; settings = {ATTRIBUTES = (Public, ); }; };
		AAFE09F81BD97A4E0045C8DF /* HTTPRouteDefinition.h in Headers */ = {isa = PBXBuildFile; fileRef = AAFE09EE1BD97A4E0045C8DF /* HTTPRouteDefinition.h */; settings = {ATTRIBUTES = (Public, ); }; };
		AAFE09F91BD97A4E0045C8DF /* HTTPRouteDefinition.m in Sources */ = {isa = PBXBuildFile; fileRef = AAFE09EF1BD97A4E0045C8DF /* HTTPRouteDefinition.m */; };
		AAFE09FA1BD97A4E0045C8DF /* HTTPRouteMapping.h in Headers */ = {isa = PBXBuildFile; fileRef = AAFE09F01BD97A4E0045C8DF /* HTTPRouteMapping.h */; settings = {ATTRIBUTES = (Public, ); }; };
		AAFE09FB1BD97A4E0045C8DF /* HTTPRouteMapping.m in Sources */ = {isa = PBXBuildFile; fileRef = AAFE09F11BD97A4E0045C8DF /* HTTPRouteMapping.m */; };
		AAFE09FC1BD97A4E0045C8DF /* RouteDefinition.h in Headers */ = {isa = PBXBuildFile; fileRef = AAFE09F21BD97A4E0045C8DF /* RouteDefinition.h */; settings = {ATTRIBUTES = (Public, ); }; };
		AAFE09FD1BD97A4E0045C8DF /* RouteDefinition.m in Sources */ = {isa = PBXBuildFile; fileRef = AAFE09F31BD97A4E0045C8DF /* RouteDefinition.m */; };
		AAFE09FE1BD97A4E0045C8DF /* RoutingHTTPConnection.h in Headers */ = {isa = PBXBuildFile; fileRef = AAFE09F41BD97A4E0045C8DF /* RoutingHTTPConnection.h */; settings = {ATTRIBUTES = (Public, ); }; };
		AAFE09FF1BD97A4E0045C8DF /* RoutingHTTPConnection.m in Sources */ = {isa = PBXBuildFile; fileRef = AAFE09F51BD97A4E0045C8DF /* RoutingHTTPConnection.m */; };
		AAFE0A001BD97A4E0045C8DF /* WebSocketRouteDefinition.h in Headers */ = {isa = PBXBuildFile; fileRef = AAFE09F61BD97A4E0045C8DF /* WebSocketRouteDefinition.h */; settings = {ATTRIBUTES = (Public, ); }; };
		AAFE0A011BD97A4E0045C8DF /* WebSocketRouteDefinition.m in Sources */ = {isa = PBXBuildFile; fileRef = AAFE09F71BD97A4E0045C8DF /* WebSocketRouteDefinition.m */; };
		AAFE0A051BD97AD20045C8DF /* Cartfile in Resources */ = {isa = PBXBuildFile; fileRef = AAFE0A041BD97AD20045C8DF /* Cartfile */; };
		AAFE0A081BD97B1B0045C8DF /* CocoaHTTPServer.framework in Frameworks */ = {isa = PBXBuildFile; fileRef = AAFE0A071BD97B1B0045C8DF /* CocoaHTTPServer.framework */; };
		AAFE0A0A1BD97B510045C8DF /* CocoaLumberjack.framework in Frameworks */ = {isa = PBXBuildFile; fileRef = AAFE0A091BD97B510045C8DF /* CocoaLumberjack.framework */; };
/* End PBXBuildFile section */

/* Begin PBXFileReference section */
		AAD625C91BE37DA800CDE8D1 /* CocoaHTTPServerRouting.framework */ = {isa = PBXFileReference; explicitFileType = wrapper.framework; includeInIndex = 0; path = CocoaHTTPServerRouting.framework; sourceTree = BUILT_PRODUCTS_DIR; };
		AAD625CC1BE3852400CDE8D1 /* CocoaLumberjack.framework */ = {isa = PBXFileReference; lastKnownFileType = wrapper.framework; name = CocoaLumberjack.framework; path = Carthage/Build/Mac/CocoaLumberjack.framework; sourceTree = "<group>"; };
		AAD625CF1BE385C300CDE8D1 /* CocoaHTTPServer.framework */ = {isa = PBXFileReference; lastKnownFileType = wrapper.framework; name = CocoaHTTPServer.framework; path = Carthage/Build/Mac/CocoaHTTPServer.framework; sourceTree = "<group>"; };
		AAFE09E31BD979BB0045C8DF /* CocoaHTTPServerRouting.framework */ = {isa = PBXFileReference; explicitFileType = wrapper.framework; includeInIndex = 0; path = CocoaHTTPServerRouting.framework; sourceTree = BUILT_PRODUCTS_DIR; };
		AAFE09E61BD979BB0045C8DF /* CocoaHTTPServerRouting.h */ = {isa = PBXFileReference; lastKnownFileType = sourcecode.c.h; path = CocoaHTTPServerRouting.h; sourceTree = "<group>"; };
		AAFE09E81BD979BB0045C8DF /* Info.plist */ = {isa = PBXFileReference; lastKnownFileType = text.plist.xml; name = Info.plist; path = ../Info.plist; sourceTree = "<group>"; };
		AAFE09EE1BD97A4E0045C8DF /* HTTPRouteDefinition.h */ = {isa = PBXFileReference; fileEncoding = 4; lastKnownFileType = sourcecode.c.h; name = HTTPRouteDefinition.h; path = Classes/HTTPRouteDefinition.h; sourceTree = SOURCE_ROOT; };
		AAFE09EF1BD97A4E0045C8DF /* HTTPRouteDefinition.m */ = {isa = PBXFileReference; fileEncoding = 4; lastKnownFileType = sourcecode.c.objc; name = HTTPRouteDefinition.m; path = Classes/HTTPRouteDefinition.m; sourceTree = SOURCE_ROOT; };
		AAFE09F01BD97A4E0045C8DF /* HTTPRouteMapping.h */ = {isa = PBXFileReference; fileEncoding = 4; lastKnownFileType = sourcecode.c.h; name = HTTPRouteMapping.h; path = Classes/HTTPRouteMapping.h; sourceTree = SOURCE_ROOT; };
		AAFE09F11BD97A4E0045C8DF /* HTTPRouteMapping.m */ = {isa = PBXFileReference; fileEncoding = 4; lastKnownFileType = sourcecode.c.objc; name = HTTPRouteMapping.m; path = Classes/HTTPRouteMapping.m; sourceTree = SOURCE_ROOT; };
		AAFE09F21BD97A4E0045C8DF /* RouteDefinition.h */ = {isa = PBXFileReference; fileEncoding = 4; lastKnownFileType = sourcecode.c.h; name = RouteDefinition.h; path = Classes/RouteDefinition.h; sourceTree = SOURCE_ROOT; };
		AAFE09F31BD97A4E0045C8DF /* RouteDefinition.m */ = {isa = PBXFileReference; fileEncoding = 4; lastKnownFileType = sourcecode.c.objc; name = RouteDefinition.m; path = Classes/RouteDefinition.m; sourceTree = SOURCE_ROOT; };
		AAFE09F41BD97A4E0045C8DF /* RoutingHTTPConnection.h */ = {isa = PBXFileReference; fileEncoding = 4; lastKnownFileType = sourcecode.c.h; name = RoutingHTTPConnection.h; path = Classes/RoutingHTTPConnection.h; sourceTree = SOURCE_ROOT; };
		AAFE09F51BD97A4E0045C8DF /* RoutingHTTPConnection.m */ = {isa = PBXFileReference; fileEncoding = 4; lastKnownFileType = sourcecode.c.objc; name = RoutingHTTPConnection.m; path = Classes/RoutingHTTPConnection.m; sourceTree = SOURCE_ROOT; };
		AAFE09F61BD97A4E0045C8DF /* WebSocketRouteDefinition.h */ = {isa = PBXFileReference; fileEncoding = 4; lastKnownFileType = sourcecode.c.h; name = WebSocketRouteDefinition.h; path = Classes/WebSocketRouteDefinition.h; sourceTree = SOURCE_ROOT; };
		AAFE09F71BD97A4E0045C8DF /* WebSocketRouteDefinition.m */ = {isa = PBXFileReference; fileEncoding = 4; lastKnownFileType = sourcecode.c.objc; name = WebSocketRouteDefinition.m; path = Classes/WebSocketRouteDefinition.m; sourceTree = SOURCE_ROOT; };
		AAFE0A041BD97AD20045C8DF /* Cartfile */ = {isa = PBXFileReference; fileEncoding = 4; lastKnownFileType = text; path = Cartfile; sourceTree = "<group>"; };
		AAFE0A071BD97B1B0045C8DF /* CocoaHTTPServer.framework */ = {isa = PBXFileReference; lastKnownFileType = wrapper.framework; name = CocoaHTTPServer.framework; path = Carthage/Build/iOS/CocoaHTTPServer.framework; sourceTree = "<group>"; };
		AAFE0A091BD97B510045C8DF /* CocoaLumberjack.framework */ = {isa = PBXFileReference; lastKnownFileType = wrapper.framework; name = CocoaLumberjack.framework; path = Carthage/Build/iOS/CocoaLumberjack.framework; sourceTree = "<group>"; };
/* End PBXFileReference section */

/* Begin PBXFrameworksBuildPhase section */
		AAD625BA1BE37DA800CDE8D1 /* Frameworks */ = {
			isa = PBXFrameworksBuildPhase;
			buildActionMask = 2147483647;
			files = (
				AAD625D11BE3861F00CDE8D1 /* CocoaLumberjack.framework in Frameworks */,
				AAD625D21BE3862100CDE8D1 /* CocoaHTTPServer.framework in Frameworks */,
			);
			runOnlyForDeploymentPostprocessing = 0;
		};
		AAFE09DF1BD979BB0045C8DF /* Frameworks */ = {
			isa = PBXFrameworksBuildPhase;
			buildActionMask = 2147483647;
			files = (
				AAFE0A081BD97B1B0045C8DF /* CocoaHTTPServer.framework in Frameworks */,
				AAFE0A0A1BD97B510045C8DF /* CocoaLumberjack.framework in Frameworks */,
			);
			runOnlyForDeploymentPostprocessing = 0;
		};
/* End PBXFrameworksBuildPhase section */

/* Begin PBXGroup section */
		AAD625CB1BE384FC00CDE8D1 /* iOS */ = {
			isa = PBXGroup;
			children = (
				AAFE0A091BD97B510045C8DF /* CocoaLumberjack.framework */,
				AAFE0A071BD97B1B0045C8DF /* CocoaHTTPServer.framework */,
			);
			name = iOS;
			sourceTree = "<group>";
		};
		AAD625CE1BE3852800CDE8D1 /* OS X */ = {
			isa = PBXGroup;
			children = (
				AAD625CC1BE3852400CDE8D1 /* CocoaLumberjack.framework */,
				AAD625CF1BE385C300CDE8D1 /* CocoaHTTPServer.framework */,
			);
			name = "OS X";
			sourceTree = "<group>";
		};
		AAFE09D91BD979BB0045C8DF = {
			isa = PBXGroup;
			children = (
				AAFE0A041BD97AD20045C8DF /* Cartfile */,
				AAFE09E51BD979BB0045C8DF /* CocoaHTTPServer-Routing */,
				AAFE0A061BD97B0E0045C8DF /* Frameworks */,
				AAFE09E41BD979BB0045C8DF /* Products */,
			);
			sourceTree = "<group>";
		};
		AAFE09E41BD979BB0045C8DF /* Products */ = {
			isa = PBXGroup;
			children = (
				AAFE09E31BD979BB0045C8DF /* CocoaHTTPServerRouting.framework */,
				AAD625C91BE37DA800CDE8D1 /* CocoaHTTPServerRouting.framework */,
			);
			name = Products;
			sourceTree = "<group>";
		};
		AAFE09E51BD979BB0045C8DF /* CocoaHTTPServer-Routing */ = {
			isa = PBXGroup;
			children = (
				AAFE09E61BD979BB0045C8DF /* CocoaHTTPServerRouting.h */,
				AAFE09E81BD979BB0045C8DF /* Info.plist */,
				AAFE0A031BD97A5B0045C8DF /* Extension */,
			);
			name = "CocoaHTTPServer-Routing";
			path = Classes;
			sourceTree = "<group>";
		};
		AAFE0A031BD97A5B0045C8DF /* Extension */ = {
			isa = PBXGroup;
			children = (
				AAFE09EE1BD97A4E0045C8DF /* HTTPRouteDefinition.h */,
				AAFE09EF1BD97A4E0045C8DF /* HTTPRouteDefinition.m */,
				AAFE09F01BD97A4E0045C8DF /* HTTPRouteMapping.h */,
				AAFE09F11BD97A4E0045C8DF /* HTTPRouteMapping.m */,
				AAFE09F21BD97A4E0045C8DF /* RouteDefinition.h */,
				AAFE09F31BD97A4E0045C8DF /* RouteDefinition.m */,
				AAFE09F41BD97A4E0045C8DF /* RoutingHTTPConnection.h */,
				AAFE09F51BD97A4E0045C8DF /* RoutingHTTPConnection.m */,
				AAFE09F61BD97A4E0045C8DF /* WebSocketRouteDefinition.h */,
				AAFE09F71BD97A4E0045C8DF /* WebSocketRouteDefinition.m */,
			);
			name = Extension;
			sourceTree = "<group>";
		};
		AAFE0A061BD97B0E0045C8DF /* Frameworks */ = {
			isa = PBXGroup;
			children = (
				AAD625CE1BE3852800CDE8D1 /* OS X */,
				AAD625CB1BE384FC00CDE8D1 /* iOS */,
			);
			name = Frameworks;
			sourceTree = "<group>";
		};
/* End PBXGroup section */

/* Begin PBXHeadersBuildPhase section */
		AAD625BD1BE37DA800CDE8D1 /* Headers */ = {
			isa = PBXHeadersBuildPhase;
			buildActionMask = 2147483647;
			files = (
				AAD625BE1BE37DA800CDE8D1 /* RoutingHTTPConnection.h in Headers */,
				AAD625BF1BE37DA800CDE8D1 /* CocoaHTTPServerRouting.h in Headers */,
				AAD625C01BE37DA800CDE8D1 /* HTTPRouteMapping.h in Headers */,
				AAD625C11BE37DA800CDE8D1 /* HTTPRouteDefinition.h in Headers */,
				AAD625C21BE37DA800CDE8D1 /* RouteDefinition.h in Headers */,
				AAD625C31BE37DA800CDE8D1 /* WebSocketRouteDefinition.h in Headers */,
			);
			runOnlyForDeploymentPostprocessing = 0;
		};
		AAFE09E01BD979BB0045C8DF /* Headers */ = {
			isa = PBXHeadersBuildPhase;
			buildActionMask = 2147483647;
			files = (
				AAFE09FE1BD97A4E0045C8DF /* RoutingHTTPConnection.h in Headers */,
				AAFE09E71BD979BB0045C8DF /* CocoaHTTPServerRouting.h in Headers */,
				AAFE09FA1BD97A4E0045C8DF /* HTTPRouteMapping.h in Headers */,
				AAFE09F81BD97A4E0045C8DF /* HTTPRouteDefinition.h in Headers */,
				AAFE09FC1BD97A4E0045C8DF /* RouteDefinition.h in Headers */,
				AAFE0A001BD97A4E0045C8DF /* WebSocketRouteDefinition.h in Headers */,
			);
			runOnlyForDeploymentPostprocessing = 0;
		};
/* End PBXHeadersBuildPhase section */

/* Begin PBXNativeTarget section */
		AAD625B31BE37DA800CDE8D1 /* OS X Framework */ = {
			isa = PBXNativeTarget;
			buildConfigurationList = AAD625C61BE37DA800CDE8D1 /* Build configuration list for PBXNativeTarget "OS X Framework" */;
			buildPhases = (
				AAD625B41BE37DA800CDE8D1 /* Sources */,
				AAD625BA1BE37DA800CDE8D1 /* Frameworks */,
				AAD625BD1BE37DA800CDE8D1 /* Headers */,
				AAD625C41BE37DA800CDE8D1 /* Resources */,
			);
			buildRules = (
			);
			dependencies = (
			);
			name = "OS X Framework";
			productName = "CocoaHTTPServer-Routing";
			productReference = AAD625C91BE37DA800CDE8D1 /* CocoaHTTPServerRouting.framework */;
			productType = "com.apple.product-type.framework";
		};
		AAFE09E21BD979BB0045C8DF /* iOS Framework */ = {
			isa = PBXNativeTarget;
			buildConfigurationList = AAFE09EB1BD979BB0045C8DF /* Build configuration list for PBXNativeTarget "iOS Framework" */;
			buildPhases = (
				AAFE09DE1BD979BB0045C8DF /* Sources */,
				AAFE09DF1BD979BB0045C8DF /* Frameworks */,
				AAFE09E01BD979BB0045C8DF /* Headers */,
				AAFE09E11BD979BB0045C8DF /* Resources */,
			);
			buildRules = (
			);
			dependencies = (
			);
			name = "iOS Framework";
			productName = "CocoaHTTPServer-Routing";
			productReference = AAFE09E31BD979BB0045C8DF /* CocoaHTTPServerRouting.framework */;
			productType = "com.apple.product-type.framework";
		};
/* End PBXNativeTarget section */

/* Begin PBXProject section */
		AAFE09DA1BD979BB0045C8DF /* Project object */ = {
			isa = PBXProject;
			attributes = {
				LastUpgradeCheck = 0700;
				ORGANIZATIONNAME = "Christian Beer'";
				TargetAttributes = {
					AAFE09E21BD979BB0045C8DF = {
						CreatedOnToolsVersion = 7.0.1;
					};
				};
			};
			buildConfigurationList = AAFE09DD1BD979BB0045C8DF /* Build configuration list for PBXProject "CocoaHTTPServer-Routing" */;
			compatibilityVersion = "Xcode 3.2";
			developmentRegion = English;
			hasScannedForEncodings = 0;
			knownRegions = (
				en,
			);
			mainGroup = AAFE09D91BD979BB0045C8DF;
			productRefGroup = AAFE09E41BD979BB0045C8DF /* Products */;
			projectDirPath = "";
			projectRoot = "";
			targets = (
				AAFE09E21BD979BB0045C8DF /* iOS Framework */,
				AAD625B31BE37DA800CDE8D1 /* OS X Framework */,
			);
		};
/* End PBXProject section */

/* Begin PBXResourcesBuildPhase section */
		AAD625C41BE37DA800CDE8D1 /* Resources */ = {
			isa = PBXResourcesBuildPhase;
			buildActionMask = 2147483647;
			files = (
				AAD625C51BE37DA800CDE8D1 /* Cartfile in Resources */,
			);
			runOnlyForDeploymentPostprocessing = 0;
		};
		AAFE09E11BD979BB0045C8DF /* Resources */ = {
			isa = PBXResourcesBuildPhase;
			buildActionMask = 2147483647;
			files = (
				AAFE0A051BD97AD20045C8DF /* Cartfile in Resources */,
			);
			runOnlyForDeploymentPostprocessing = 0;
		};
/* End PBXResourcesBuildPhase section */

/* Begin PBXSourcesBuildPhase section */
		AAD625B41BE37DA800CDE8D1 /* Sources */ = {
			isa = PBXSourcesBuildPhase;
			buildActionMask = 2147483647;
			files = (
				AAD625B51BE37DA800CDE8D1 /* HTTPRouteMapping.m in Sources */,
				AAD625B61BE37DA800CDE8D1 /* RouteDefinition.m in Sources */,
				AAD625B71BE37DA800CDE8D1 /* RoutingHTTPConnection.m in Sources */,
				AAD625B81BE37DA800CDE8D1 /* WebSocketRouteDefinition.m in Sources */,
				AAD625B91BE37DA800CDE8D1 /* HTTPRouteDefinition.m in Sources */,
			);
			runOnlyForDeploymentPostprocessing = 0;
		};
		AAFE09DE1BD979BB0045C8DF /* Sources */ = {
			isa = PBXSourcesBuildPhase;
			buildActionMask = 2147483647;
			files = (
				AAFE09FB1BD97A4E0045C8DF /* HTTPRouteMapping.m in Sources */,
				AAFE09FD1BD97A4E0045C8DF /* RouteDefinition.m in Sources */,
				AAFE09FF1BD97A4E0045C8DF /* RoutingHTTPConnection.m in Sources */,
				AAFE0A011BD97A4E0045C8DF /* WebSocketRouteDefinition.m in Sources */,
				AAFE09F91BD97A4E0045C8DF /* HTTPRouteDefinition.m in Sources */,
			);
			runOnlyForDeploymentPostprocessing = 0;
		};
/* End PBXSourcesBuildPhase section */

/* Begin XCBuildConfiguration section */
		AAD625C71BE37DA800CDE8D1 /* Debug */ = {
			isa = XCBuildConfiguration;
			buildSettings = {
				DEFINES_MODULE = YES;
				DYLIB_COMPATIBILITY_VERSION = 1;
				DYLIB_CURRENT_VERSION = 1;
				DYLIB_INSTALL_NAME_BASE = "@rpath";
				FRAMEWORK_SEARCH_PATHS = (
					"$(inherited)",
					"$(PROJECT_DIR)/Carthage/Build/Mac",
				);
				INFOPLIST_FILE = "$(SRCROOT)/Info.plist";
				INSTALL_PATH = "$(LOCAL_LIBRARY_DIR)/Frameworks";
				LD_RUNPATH_SEARCH_PATHS = "$(inherited) @executable_path/Frameworks @loader_path/Frameworks";
				MACOSX_DEPLOYMENT_TARGET = 10.8;
				ONLY_ACTIVE_ARCH = NO;
				PRODUCT_BUNDLE_IDENTIFIER = "de.chbeer.CocoaHTTPServer-Routing";
				PRODUCT_NAME = CocoaHTTPServerRouting;
				SDKROOT = macosx;
				SKIP_INSTALL = YES;
			};
			name = Debug;
		};
		AAD625C81BE37DA800CDE8D1 /* Release */ = {
			isa = XCBuildConfiguration;
			buildSettings = {
				DEFINES_MODULE = YES;
				DYLIB_COMPATIBILITY_VERSION = 1;
				DYLIB_CURRENT_VERSION = 1;
				DYLIB_INSTALL_NAME_BASE = "@rpath";
				FRAMEWORK_SEARCH_PATHS = (
					"$(inherited)",
					"$(PROJECT_DIR)/Carthage/Build/Mac",
				);
				INFOPLIST_FILE = "$(SRCROOT)/Info.plist";
				INSTALL_PATH = "$(LOCAL_LIBRARY_DIR)/Frameworks";
				LD_RUNPATH_SEARCH_PATHS = "$(inherited) @executable_path/Frameworks @loader_path/Frameworks";
				MACOSX_DEPLOYMENT_TARGET = 10.8;
				PRODUCT_BUNDLE_IDENTIFIER = "de.chbeer.CocoaHTTPServer-Routing";
				PRODUCT_NAME = CocoaHTTPServerRouting;
				SDKROOT = macosx;
				SKIP_INSTALL = YES;
			};
			name = Release;
		};
		AAFE09E91BD979BB0045C8DF /* Debug */ = {
			isa = XCBuildConfiguration;
			buildSettings = {
				ALWAYS_SEARCH_USER_PATHS = NO;
				CLANG_CXX_LANGUAGE_STANDARD = "gnu++0x";
				CLANG_CXX_LIBRARY = "libc++";
				CLANG_ENABLE_MODULES = YES;
				CLANG_ENABLE_OBJC_ARC = YES;
				CLANG_WARN_BOOL_CONVERSION = YES;
				CLANG_WARN_CONSTANT_CONVERSION = YES;
				CLANG_WARN_DIRECT_OBJC_ISA_USAGE = YES_ERROR;
				CLANG_WARN_EMPTY_BODY = YES;
				CLANG_WARN_ENUM_CONVERSION = YES;
				CLANG_WARN_INT_CONVERSION = YES;
				CLANG_WARN_OBJC_ROOT_CLASS = YES_ERROR;
				CLANG_WARN_UNREACHABLE_CODE = YES;
				CLANG_WARN__DUPLICATE_METHOD_MATCH = YES;
				CODE_SIGN_IDENTITY = "iPhone Developer";
				"CODE_SIGN_IDENTITY[sdk=iphoneos*]" = "iPhone Developer";
				COPY_PHASE_STRIP = NO;
				CURRENT_PROJECT_VERSION = 1;
				DEBUG_INFORMATION_FORMAT = dwarf;
				ENABLE_STRICT_OBJC_MSGSEND = YES;
				ENABLE_TESTABILITY = YES;
				GCC_C_LANGUAGE_STANDARD = gnu99;
				GCC_DYNAMIC_NO_PIC = NO;
				GCC_NO_COMMON_BLOCKS = YES;
				GCC_OPTIMIZATION_LEVEL = 0;
				GCC_PREPROCESSOR_DEFINITIONS = (
					"DEBUG=1",
					"$(inherited)",
				);
				GCC_WARN_64_TO_32_BIT_CONVERSION = YES;
				GCC_WARN_ABOUT_RETURN_TYPE = YES_ERROR;
				GCC_WARN_UNDECLARED_SELECTOR = YES;
				GCC_WARN_UNINITIALIZED_AUTOS = YES_AGGRESSIVE;
				GCC_WARN_UNUSED_FUNCTION = YES;
				GCC_WARN_UNUSED_VARIABLE = YES;
				IPHONEOS_DEPLOYMENT_TARGET = 9.0;
				MTL_ENABLE_DEBUG_INFO = YES;
				ONLY_ACTIVE_ARCH = YES;
				SDKROOT = iphoneos;
				TARGETED_DEVICE_FAMILY = "1,2";
				VERSIONING_SYSTEM = "apple-generic";
				VERSION_INFO_PREFIX = "";
			};
			name = Debug;
		};
		AAFE09EA1BD979BB0045C8DF /* Release */ = {
			isa = XCBuildConfiguration;
			buildSettings = {
				ALWAYS_SEARCH_USER_PATHS = NO;
				CLANG_CXX_LANGUAGE_STANDARD = "gnu++0x";
				CLANG_CXX_LIBRARY = "libc++";
				CLANG_ENABLE_MODULES = YES;
				CLANG_ENABLE_OBJC_ARC = YES;
				CLANG_WARN_BOOL_CONVERSION = YES;
				CLANG_WARN_CONSTANT_CONVERSION = YES;
				CLANG_WARN_DIRECT_OBJC_ISA_USAGE = YES_ERROR;
				CLANG_WARN_EMPTY_BODY = YES;
				CLANG_WARN_ENUM_CONVERSION = YES;
				CLANG_WARN_INT_CONVERSION = YES;
				CLANG_WARN_OBJC_ROOT_CLASS = YES_ERROR;
				CLANG_WARN_UNREACHABLE_CODE = YES;
				CLANG_WARN__DUPLICATE_METHOD_MATCH = YES;
				CODE_SIGN_IDENTITY = "iPhone Developer";
				"CODE_SIGN_IDENTITY[sdk=iphoneos*]" = "iPhone Developer";
				COPY_PHASE_STRIP = NO;
				CURRENT_PROJECT_VERSION = 1;
				DEBUG_INFORMATION_FORMAT = "dwarf-with-dsym";
				ENABLE_NS_ASSERTIONS = NO;
				ENABLE_STRICT_OBJC_MSGSEND = YES;
				GCC_C_LANGUAGE_STANDARD = gnu99;
				GCC_NO_COMMON_BLOCKS = YES;
				GCC_WARN_64_TO_32_BIT_CONVERSION = YES;
				GCC_WARN_ABOUT_RETURN_TYPE = YES_ERROR;
				GCC_WARN_UNDECLARED_SELECTOR = YES;
				GCC_WARN_UNINITIALIZED_AUTOS = YES_AGGRESSIVE;
				GCC_WARN_UNUSED_FUNCTION = YES;
				GCC_WARN_UNUSED_VARIABLE = YES;
				IPHONEOS_DEPLOYMENT_TARGET = 9.0;
				MTL_ENABLE_DEBUG_INFO = NO;
				SDKROOT = iphoneos;
				TARGETED_DEVICE_FAMILY = "1,2";
				VALIDATE_PRODUCT = YES;
				VERSIONING_SYSTEM = "apple-generic";
				VERSION_INFO_PREFIX = "";
			};
			name = Release;
		};
		AAFE09EC1BD979BB0045C8DF /* Debug */ = {
			isa = XCBuildConfiguration;
			buildSettings = {
				DEFINES_MODULE = YES;
				DYLIB_COMPATIBILITY_VERSION = 1;
				DYLIB_CURRENT_VERSION = 1;
				DYLIB_INSTALL_NAME_BASE = "@rpath";
				FRAMEWORK_SEARCH_PATHS = (
					"$(inherited)",
					"$(PROJECT_DIR)/Carthage/Build/iOS",
				);
				INFOPLIST_FILE = "$(SRCROOT)/Info.plist";
				INSTALL_PATH = "$(LOCAL_LIBRARY_DIR)/Frameworks";
				LD_RUNPATH_SEARCH_PATHS = "$(inherited) @executable_path/Frameworks @loader_path/Frameworks";
				ONLY_ACTIVE_ARCH = NO;
				PRODUCT_BUNDLE_IDENTIFIER = "de.chbeer.CocoaHTTPServer-Routing";
				PRODUCT_NAME = CocoaHTTPServerRouting;
				SKIP_INSTALL = YES;
			};
			name = Debug;
		};
		AAFE09ED1BD979BB0045C8DF /* Release */ = {
			isa = XCBuildConfiguration;
			buildSettings = {
				DEFINES_MODULE = YES;
				DYLIB_COMPATIBILITY_VERSION = 1;
				DYLIB_CURRENT_VERSION = 1;
				DYLIB_INSTALL_NAME_BASE = "@rpath";
				FRAMEWORK_SEARCH_PATHS = (
					"$(inherited)",
					"$(PROJECT_DIR)/Carthage/Build/iOS",
				);
				INFOPLIST_FILE = "$(SRCROOT)/Info.plist";
				INSTALL_PATH = "$(LOCAL_LIBRARY_DIR)/Frameworks";
				LD_RUNPATH_SEARCH_PATHS = "$(inherited) @executable_path/Frameworks @loader_path/Frameworks";
				PRODUCT_BUNDLE_IDENTIFIER = "de.chbeer.CocoaHTTPServer-Routing";
				PRODUCT_NAME = CocoaHTTPServerRouting;
				SKIP_INSTALL = YES;
			};
			name = Release;
		};
/* End XCBuildConfiguration section */

/* Begin XCConfigurationList section */
		AAD625C61BE37DA800CDE8D1 /* Build configuration list for PBXNativeTarget "OS X Framework" */ = {
			isa = XCConfigurationList;
			buildConfigurations = (
				AAD625C71BE37DA800CDE8D1 /* Debug */,
				AAD625C81BE37DA800CDE8D1 /* Release */,
			);
			defaultConfigurationIsVisible = 0;
			defaultConfigurationName = Release;
		};
		AAFE09DD1BD979BB0045C8DF /* Build configuration list for PBXProject "CocoaHTTPServer-Routing" */ = {
			isa = XCConfigurationList;
			buildConfigurations = (
				AAFE09E91BD979BB0045C8DF /* Debug */,
				AAFE09EA1BD979BB0045C8DF /* Release */,
			);
			defaultConfigurationIsVisible = 0;
			defaultConfigurationName = Release;
		};
		AAFE09EB1BD979BB0045C8DF /* Build configuration list for PBXNativeTarget "iOS Framework" */ = {
			isa = XCConfigurationList;
			buildConfigurations = (
				AAFE09EC1BD979BB0045C8DF /* Debug */,
				AAFE09ED1BD979BB0045C8DF /* Release */,
			);
			defaultConfigurationIsVisible = 0;
			defaultConfigurationName = Release;
		};
/* End XCConfigurationList section */
	};
	rootObject = AAFE09DA1BD979BB0045C8DF /* Project object */;
}
